
Microsoft Visual Studio Solution File, Format Version 12.00
# Visual Studio Version 16
VisualStudioVersion = 16.0.30907.101
MinimumVisualStudioVersion = 10.0.40219.1
Project("{FAE04EC0-301F-11D3-BF4B-00C04F79EFBC}") = "BookStore", "BookStore.csproj", "{BC87479E-6D2B-494E-9525-EEAE2A36063C}"
EndProject
Global
	GlobalSection(SolutionConfigurationPlatforms) = preSolution
		Debug|Any CPU = Debug|Any CPU
		Release|Any CPU = Release|Any CPU
	EndGlobalSection
	GlobalSection(ProjectConfigurationPlatforms) = postSolution
		{BC87479E-6D2B-494E-9525-EEAE2A36063C}.Debug|Any CPU.ActiveCfg = Debug|Any CPU
		{BC87479E-6D2B-494E-9525-EEAE2A36063C}.Debug|Any CPU.Build.0 = Debug|Any CPU
		{BC87479E-6D2B-494E-9525-EEAE2A36063C}.Release|Any CPU.ActiveCfg = Release|Any CPU
		{BC87479E-6D2B-494E-9525-EEAE2A36063C}.Release|Any CPU.Build.0 = Release|Any CPU
	EndGlobalSection
	GlobalSection(SolutionProperties) = preSolution
		HideSolutionNode = FALSE
	EndGlobalSection
	GlobalSection(ExtensibilityGlobals) = postSolution
		SolutionGuid = {34DD5F0E-36B7-4ACB-A662-C080242ACA0E}
	EndGlobalSection
EndGlobal
